// !$*UTF8*$!
{
	archiveVersion = 1;
	classes = {
	};
	objectVersion = 51;
	objects = {

/* Begin PBXBuildFile section */
		561843D1F3C8EC5987E73304 /* Pods_CondominumTests.framework in Frameworks */ = {isa = PBXBuildFile; fileRef = 71B9E38780671C256942E8A5 /* Pods_CondominumTests.framework */; };
		9176B771FD5F713C6EB81155 /* Pods_Condominum_CondominumUITests.framework in Frameworks */ = {isa = PBXBuildFile; fileRef = 2B76635AFF9029C1C903A7D1 /* Pods_Condominum_CondominumUITests.framework */; };
		C0A0F782234FB548002FDB45 /* AppDelegate.swift in Sources */ = {isa = PBXBuildFile; fileRef = C0A0F781234FB548002FDB45 /* AppDelegate.swift */; };
		C0A0F784234FB548002FDB45 /* ViewController.swift in Sources */ = {isa = PBXBuildFile; fileRef = C0A0F783234FB548002FDB45 /* ViewController.swift */; };
		C0A0F787234FB548002FDB45 /* Main.storyboard in Resources */ = {isa = PBXBuildFile; fileRef = C0A0F785234FB548002FDB45 /* Main.storyboard */; };
		C0A0F789234FB54A002FDB45 /* Assets.xcassets in Resources */ = {isa = PBXBuildFile; fileRef = C0A0F788234FB54A002FDB45 /* Assets.xcassets */; };
		C0A0F78C234FB54A002FDB45 /* LaunchScreen.storyboard in Resources */ = {isa = PBXBuildFile; fileRef = C0A0F78A234FB54A002FDB45 /* LaunchScreen.storyboard */; };
		C0A0F797234FB54A002FDB45 /* CondominumTests.swift in Sources */ = {isa = PBXBuildFile; fileRef = C0A0F796234FB54A002FDB45 /* CondominumTests.swift */; };
		C0A0F7A2234FB54A002FDB45 /* CondominumUITests.swift in Sources */ = {isa = PBXBuildFile; fileRef = C0A0F7A1234FB54A002FDB45 /* CondominumUITests.swift */; };
		C70F55FFFE8366C68ABF15CE /* Pods_Condominum.framework in Frameworks */ = {isa = PBXBuildFile; fileRef = 06D139DAF89D26A222D30910 /* Pods_Condominum.framework */; };
		E62D9BE02352475000C0820D /* ApiConstant.swift in Sources */ = {isa = PBXBuildFile; fileRef = E62D9BDF2352475000C0820D /* ApiConstant.swift */; };
		E62D9BE223524CE300C0820D /* ApiService.swift in Sources */ = {isa = PBXBuildFile; fileRef = E62D9BE123524CE300C0820D /* ApiService.swift */; };
		E62D9BE623524D3700C0820D /* ResponseLogin.swift in Sources */ = {isa = PBXBuildFile; fileRef = E62D9BE523524D3700C0820D /* ResponseLogin.swift */; };
		E62D9BE823524E9A00C0820D /* RequestLogin.swift in Sources */ = {isa = PBXBuildFile; fileRef = E62D9BE723524E9A00C0820D /* RequestLogin.swift */; };
/* End PBXBuildFile section */

/* Begin PBXContainerItemProxy section */
		C0A0F793234FB54A002FDB45 /* PBXContainerItemProxy */ = {
			isa = PBXContainerItemProxy;
			containerPortal = C0A0F776234FB548002FDB45 /* Project object */;
			proxyType = 1;
			remoteGlobalIDString = C0A0F77D234FB548002FDB45;
			remoteInfo = Condominum;
		};
		C0A0F79E234FB54A002FDB45 /* PBXContainerItemProxy */ = {
			isa = PBXContainerItemProxy;
			containerPortal = C0A0F776234FB548002FDB45 /* Project object */;
			proxyType = 1;
			remoteGlobalIDString = C0A0F77D234FB548002FDB45;
			remoteInfo = Condominum;
		};
/* End PBXContainerItemProxy section */

/* Begin PBXFileReference section */
		06D139DAF89D26A222D30910 /* Pods_Condominum.framework */ = {isa = PBXFileReference; explicitFileType = wrapper.framework; includeInIndex = 0; path = Pods_Condominum.framework; sourceTree = BUILT_PRODUCTS_DIR; };
		26BCB18A0185A16FAAC5C7E3 /* Pods-Condominum-CondominumUITests.release.xcconfig */ = {isa = PBXFileReference; includeInIndex = 1; lastKnownFileType = text.xcconfig; name = "Pods-Condominum-CondominumUITests.release.xcconfig"; path = "Target Support Files/Pods-Condominum-CondominumUITests/Pods-Condominum-CondominumUITests.release.xcconfig"; sourceTree = "<group>"; };
		2B76635AFF9029C1C903A7D1 /* Pods_Condominum_CondominumUITests.framework */ = {isa = PBXFileReference; explicitFileType = wrapper.framework; includeInIndex = 0; path = Pods_Condominum_CondominumUITests.framework; sourceTree = BUILT_PRODUCTS_DIR; };
		35820C786DC89DEB79AC45C9 /* Pods-Condominum.debug.xcconfig */ = {isa = PBXFileReference; includeInIndex = 1; lastKnownFileType = text.xcconfig; name = "Pods-Condominum.debug.xcconfig"; path = "Target Support Files/Pods-Condominum/Pods-Condominum.debug.xcconfig"; sourceTree = "<group>"; };
		5E0622769EAD9219FF8E2829 /* Pods-Condominum-CondominumUITests.debug.xcconfig */ = {isa = PBXFileReference; includeInIndex = 1; lastKnownFileType = text.xcconfig; name = "Pods-Condominum-CondominumUITests.debug.xcconfig"; path = "Target Support Files/Pods-Condominum-CondominumUITests/Pods-Condominum-CondominumUITests.debug.xcconfig"; sourceTree = "<group>"; };
		6FDCD6CECE9E23C17220735C /* Pods-Condominum.release.xcconfig */ = {isa = PBXFileReference; includeInIndex = 1; lastKnownFileType = text.xcconfig; name = "Pods-Condominum.release.xcconfig"; path = "Target Support Files/Pods-Condominum/Pods-Condominum.release.xcconfig"; sourceTree = "<group>"; };
		71B9E38780671C256942E8A5 /* Pods_CondominumTests.framework */ = {isa = PBXFileReference; explicitFileType = wrapper.framework; includeInIndex = 0; path = Pods_CondominumTests.framework; sourceTree = BUILT_PRODUCTS_DIR; };
		B6AABB04C24B26ACAFE3410E /* Pods-CondominumTests.release.xcconfig */ = {isa = PBXFileReference; includeInIndex = 1; lastKnownFileType = text.xcconfig; name = "Pods-CondominumTests.release.xcconfig"; path = "Target Support Files/Pods-CondominumTests/Pods-CondominumTests.release.xcconfig"; sourceTree = "<group>"; };
		C008FBD8DD82B6F112112030 /* Pods-CondominumTests.debug.xcconfig */ = {isa = PBXFileReference; includeInIndex = 1; lastKnownFileType = text.xcconfig; name = "Pods-CondominumTests.debug.xcconfig"; path = "Target Support Files/Pods-CondominumTests/Pods-CondominumTests.debug.xcconfig"; sourceTree = "<group>"; };
		C0A0F77E234FB548002FDB45 /* Condominum.app */ = {isa = PBXFileReference; explicitFileType = wrapper.application; includeInIndex = 0; path = Condominum.app; sourceTree = BUILT_PRODUCTS_DIR; };
		C0A0F781234FB548002FDB45 /* AppDelegate.swift */ = {isa = PBXFileReference; lastKnownFileType = sourcecode.swift; path = AppDelegate.swift; sourceTree = "<group>"; };
		C0A0F783234FB548002FDB45 /* ViewController.swift */ = {isa = PBXFileReference; lastKnownFileType = sourcecode.swift; path = ViewController.swift; sourceTree = "<group>"; };
		C0A0F786234FB548002FDB45 /* Base */ = {isa = PBXFileReference; lastKnownFileType = file.storyboard; name = Base; path = Base.lproj/Main.storyboard; sourceTree = "<group>"; };
		C0A0F788234FB54A002FDB45 /* Assets.xcassets */ = {isa = PBXFileReference; lastKnownFileType = folder.assetcatalog; path = Assets.xcassets; sourceTree = "<group>"; };
		C0A0F78B234FB54A002FDB45 /* Base */ = {isa = PBXFileReference; lastKnownFileType = file.storyboard; name = Base; path = Base.lproj/LaunchScreen.storyboard; sourceTree = "<group>"; };
		C0A0F78D234FB54A002FDB45 /* Info.plist */ = {isa = PBXFileReference; lastKnownFileType = text.plist.xml; path = Info.plist; sourceTree = "<group>"; };
		C0A0F792234FB54A002FDB45 /* CondominumTests.xctest */ = {isa = PBXFileReference; explicitFileType = wrapper.cfbundle; includeInIndex = 0; path = CondominumTests.xctest; sourceTree = BUILT_PRODUCTS_DIR; };
		C0A0F796234FB54A002FDB45 /* CondominumTests.swift */ = {isa = PBXFileReference; lastKnownFileType = sourcecode.swift; path = CondominumTests.swift; sourceTree = "<group>"; };
		C0A0F798234FB54A002FDB45 /* Info.plist */ = {isa = PBXFileReference; lastKnownFileType = text.plist.xml; path = Info.plist; sourceTree = "<group>"; };
		C0A0F79D234FB54A002FDB45 /* CondominumUITests.xctest */ = {isa = PBXFileReference; explicitFileType = wrapper.cfbundle; includeInIndex = 0; path = CondominumUITests.xctest; sourceTree = BUILT_PRODUCTS_DIR; };
		C0A0F7A1234FB54A002FDB45 /* CondominumUITests.swift */ = {isa = PBXFileReference; lastKnownFileType = sourcecode.swift; path = CondominumUITests.swift; sourceTree = "<group>"; };
		C0A0F7A3234FB54A002FDB45 /* Info.plist */ = {isa = PBXFileReference; lastKnownFileType = text.plist.xml; path = Info.plist; sourceTree = "<group>"; };
		E62D9BDF2352475000C0820D /* ApiConstant.swift */ = {isa = PBXFileReference; lastKnownFileType = sourcecode.swift; path = ApiConstant.swift; sourceTree = "<group>"; };
		E62D9BE123524CE300C0820D /* ApiService.swift */ = {isa = PBXFileReference; lastKnownFileType = sourcecode.swift; path = ApiService.swift; sourceTree = "<group>"; };
		E62D9BE523524D3700C0820D /* ResponseLogin.swift */ = {isa = PBXFileReference; lastKnownFileType = sourcecode.swift; path = ResponseLogin.swift; sourceTree = "<group>"; };
		E62D9BE723524E9A00C0820D /* RequestLogin.swift */ = {isa = PBXFileReference; lastKnownFileType = sourcecode.swift; path = RequestLogin.swift; sourceTree = "<group>"; };
/* End PBXFileReference section */

/* Begin PBXFrameworksBuildPhase section */
		C0A0F77B234FB548002FDB45 /* Frameworks */ = {
			isa = PBXFrameworksBuildPhase;
			buildActionMask = 2147483647;
			files = (
				C70F55FFFE8366C68ABF15CE /* Pods_Condominum.framework in Frameworks */,
			);
			runOnlyForDeploymentPostprocessing = 0;
		};
		C0A0F78F234FB54A002FDB45 /* Frameworks */ = {
			isa = PBXFrameworksBuildPhase;
			buildActionMask = 2147483647;
			files = (
				561843D1F3C8EC5987E73304 /* Pods_CondominumTests.framework in Frameworks */,
			);
			runOnlyForDeploymentPostprocessing = 0;
		};
		C0A0F79A234FB54A002FDB45 /* Frameworks */ = {
			isa = PBXFrameworksBuildPhase;
			buildActionMask = 2147483647;
			files = (
				9176B771FD5F713C6EB81155 /* Pods_Condominum_CondominumUITests.framework in Frameworks */,
			);
			runOnlyForDeploymentPostprocessing = 0;
		};
/* End PBXFrameworksBuildPhase section */

/* Begin PBXGroup section */
		92BE2E1D88E2EA5A97F0D9EF /* Pods */ = {
			isa = PBXGroup;
			children = (
				35820C786DC89DEB79AC45C9 /* Pods-Condominum.debug.xcconfig */,
				6FDCD6CECE9E23C17220735C /* Pods-Condominum.release.xcconfig */,
				5E0622769EAD9219FF8E2829 /* Pods-Condominum-CondominumUITests.debug.xcconfig */,
				26BCB18A0185A16FAAC5C7E3 /* Pods-Condominum-CondominumUITests.release.xcconfig */,
				C008FBD8DD82B6F112112030 /* Pods-CondominumTests.debug.xcconfig */,
				B6AABB04C24B26ACAFE3410E /* Pods-CondominumTests.release.xcconfig */,
			);
			path = Pods;
			sourceTree = "<group>";
		};
		C0A0F775234FB548002FDB45 = {
			isa = PBXGroup;
			children = (
				C0A0F780234FB548002FDB45 /* Condominum */,
				C0A0F795234FB54A002FDB45 /* CondominumTests */,
				C0A0F7A0234FB54A002FDB45 /* CondominumUITests */,
				C0A0F77F234FB548002FDB45 /* Products */,
				92BE2E1D88E2EA5A97F0D9EF /* Pods */,
				E6C419C2421E203BB800A9BD /* Frameworks */,
			);
			sourceTree = "<group>";
		};
		C0A0F77F234FB548002FDB45 /* Products */ = {
			isa = PBXGroup;
			children = (
				C0A0F77E234FB548002FDB45 /* Condominum.app */,
				C0A0F792234FB54A002FDB45 /* CondominumTests.xctest */,
				C0A0F79D234FB54A002FDB45 /* CondominumUITests.xctest */,
			);
			name = Products;
			sourceTree = "<group>";
		};
		C0A0F780234FB548002FDB45 /* Condominum */ = {
			isa = PBXGroup;
			children = (
				E64129F12354345800BAD336 /* IO */,
				E64129EE235433D800BAD336 /* Assets */,
				E64129EC235433AB00BAD336 /* Delegate */,
				E64129EB235433A000BAD336 /* Controller */,
				E62D9BDE2352473600C0820D /* Constants */,
				C0A0F78D234FB54A002FDB45 /* Info.plist */,
			);
			path = Condominum;
			sourceTree = "<group>";
		};
		C0A0F795234FB54A002FDB45 /* CondominumTests */ = {
			isa = PBXGroup;
			children = (
				C0A0F796234FB54A002FDB45 /* CondominumTests.swift */,
				C0A0F798234FB54A002FDB45 /* Info.plist */,
			);
			path = CondominumTests;
			sourceTree = "<group>";
		};
		C0A0F7A0234FB54A002FDB45 /* CondominumUITests */ = {
			isa = PBXGroup;
			children = (
				C0A0F7A1234FB54A002FDB45 /* CondominumUITests.swift */,
				C0A0F7A3234FB54A002FDB45 /* Info.plist */,
			);
			path = CondominumUITests;
			sourceTree = "<group>";
		};
		E62D9BDD2352471300C0820D /* Http */ = {
			isa = PBXGroup;
			children = (
				E62D9BE423524D2400C0820D /* Response */,
				E62D9BE323524D1E00C0820D /* Request */,
				E62D9BE123524CE300C0820D /* ApiService.swift */,
			);
			path = Http;
			sourceTree = "<group>";
		};
		E62D9BDE2352473600C0820D /* Constants */ = {
			isa = PBXGroup;
			children = (
				E62D9BDF2352475000C0820D /* ApiConstant.swift */,
			);
			path = Constants;
			sourceTree = "<group>";
		};
		E62D9BE323524D1E00C0820D /* Request */ = {
			isa = PBXGroup;
			children = (
				E62D9BE723524E9A00C0820D /* RequestLogin.swift */,
			);
			path = Request;
			sourceTree = "<group>";
		};
		E62D9BE423524D2400C0820D /* Response */ = {
			isa = PBXGroup;
			children = (
				E62D9BE523524D3700C0820D /* ResponseLogin.swift */,
			);
			path = Response;
			sourceTree = "<group>";
		};
		E64129EB235433A000BAD336 /* Controller */ = {
			isa = PBXGroup;
			children = (
				E64129F0235433F100BAD336 /* Login */,
				E64129EF235433EB00BAD336 /* Splash */,
			);
			path = Controller;
			sourceTree = "<group>";
		};
		E64129EC235433AB00BAD336 /* Delegate */ = {
			isa = PBXGroup;
			children = (
				E64129ED235433B000BAD336 /* Root */,
			);
			path = Delegate;
			sourceTree = "<group>";
		};
		E64129ED235433B000BAD336 /* Root */ = {
			isa = PBXGroup;
			children = (
				C0A0F781234FB548002FDB45 /* AppDelegate.swift */,
			);
			path = Root;
			sourceTree = "<group>";
		};
		E64129EE235433D800BAD336 /* Assets */ = {
			isa = PBXGroup;
			children = (
				C0A0F788234FB54A002FDB45 /* Assets.xcassets */,
			);
			path = Assets;
			sourceTree = "<group>";
		};
		E64129EF235433EB00BAD336 /* Splash */ = {
			isa = PBXGroup;
			children = (
				C0A0F78A234FB54A002FDB45 /* LaunchScreen.storyboard */,
			);
			path = Splash;
			sourceTree = "<group>";
		};
		E64129F0235433F100BAD336 /* Login */ = {
			isa = PBXGroup;
			children = (
				C0A0F785234FB548002FDB45 /* Main.storyboard */,
				C0A0F783234FB548002FDB45 /* ViewController.swift */,
			);
			path = Login;
			sourceTree = "<group>";
		};
		E64129F12354345800BAD336 /* IO */ = {
			isa = PBXGroup;
			children = (
				E62D9BDD2352471300C0820D /* Http */,
			);
			path = IO;
			sourceTree = "<group>";
		};
		E6C419C2421E203BB800A9BD /* Frameworks */ = {
			isa = PBXGroup;
			children = (
				06D139DAF89D26A222D30910 /* Pods_Condominum.framework */,
				2B76635AFF9029C1C903A7D1 /* Pods_Condominum_CondominumUITests.framework */,
				71B9E38780671C256942E8A5 /* Pods_CondominumTests.framework */,
			);
			name = Frameworks;
			sourceTree = "<group>";
		};
/* End PBXGroup section */

/* Begin PBXNativeTarget section */
		C0A0F77D234FB548002FDB45 /* Condominum */ = {
			isa = PBXNativeTarget;
			buildConfigurationList = C0A0F7A6234FB54A002FDB45 /* Build configuration list for PBXNativeTarget "Condominum" */;
			buildPhases = (
				5A7F708510C737574B719882 /* [CP] Check Pods Manifest.lock */,
				C0A0F77A234FB548002FDB45 /* Sources */,
				C0A0F77B234FB548002FDB45 /* Frameworks */,
				C0A0F77C234FB548002FDB45 /* Resources */,
				A6A010A58D0BDDCA6F68E1E6 /* [CP] Embed Pods Frameworks */,
			);
			buildRules = (
			);
			dependencies = (
			);
			name = Condominum;
			productName = Condominum;
			productReference = C0A0F77E234FB548002FDB45 /* Condominum.app */;
			productType = "com.apple.product-type.application";
		};
		C0A0F791234FB54A002FDB45 /* CondominumTests */ = {
			isa = PBXNativeTarget;
			buildConfigurationList = C0A0F7A9234FB54A002FDB45 /* Build configuration list for PBXNativeTarget "CondominumTests" */;
			buildPhases = (
				C710AD9A733C59FEAB20BA2E /* [CP] Check Pods Manifest.lock */,
				C0A0F78E234FB54A002FDB45 /* Sources */,
				C0A0F78F234FB54A002FDB45 /* Frameworks */,
				C0A0F790234FB54A002FDB45 /* Resources */,
			);
			buildRules = (
			);
			dependencies = (
				C0A0F794234FB54A002FDB45 /* PBXTargetDependency */,
			);
			name = CondominumTests;
			productName = CondominumTests;
			productReference = C0A0F792234FB54A002FDB45 /* CondominumTests.xctest */;
			productType = "com.apple.product-type.bundle.unit-test";
		};
		C0A0F79C234FB54A002FDB45 /* CondominumUITests */ = {
			isa = PBXNativeTarget;
			buildConfigurationList = C0A0F7AC234FB54A002FDB45 /* Build configuration list for PBXNativeTarget "CondominumUITests" */;
			buildPhases = (
				E598E8F7D36960EA73054722 /* [CP] Check Pods Manifest.lock */,
				C0A0F799234FB54A002FDB45 /* Sources */,
				C0A0F79A234FB54A002FDB45 /* Frameworks */,
				C0A0F79B234FB54A002FDB45 /* Resources */,
				4B5806BF27D917DD0B158E06 /* [CP] Embed Pods Frameworks */,
			);
			buildRules = (
			);
			dependencies = (
				C0A0F79F234FB54A002FDB45 /* PBXTargetDependency */,
			);
			name = CondominumUITests;
			productName = CondominumUITests;
			productReference = C0A0F79D234FB54A002FDB45 /* CondominumUITests.xctest */;
			productType = "com.apple.product-type.bundle.ui-testing";
		};
/* End PBXNativeTarget section */

/* Begin PBXProject section */
		C0A0F776234FB548002FDB45 /* Project object */ = {
			isa = PBXProject;
			attributes = {
				LastSwiftUpdateCheck = 1030;
				LastUpgradeCheck = 1030;
				ORGANIZATIONNAME = leonsita;
				TargetAttributes = {
					C0A0F77D234FB548002FDB45 = {
						CreatedOnToolsVersion = 10.3;
					};
					C0A0F791234FB54A002FDB45 = {
						CreatedOnToolsVersion = 10.3;
						TestTargetID = C0A0F77D234FB548002FDB45;
					};
					C0A0F79C234FB54A002FDB45 = {
						CreatedOnToolsVersion = 10.3;
						TestTargetID = C0A0F77D234FB548002FDB45;
					};
				};
			};
			buildConfigurationList = C0A0F779234FB548002FDB45 /* Build configuration list for PBXProject "Condominum" */;
			compatibilityVersion = "Xcode 9.3";
			developmentRegion = en;
			hasScannedForEncodings = 0;
			knownRegions = (
				en,
				Base,
			);
			mainGroup = C0A0F775234FB548002FDB45;
			productRefGroup = C0A0F77F234FB548002FDB45 /* Products */;
			projectDirPath = "";
			projectRoot = "";
			targets = (
				C0A0F77D234FB548002FDB45 /* Condominum */,
				C0A0F791234FB54A002FDB45 /* CondominumTests */,
				C0A0F79C234FB54A002FDB45 /* CondominumUITests */,
			);
		};
/* End PBXProject section */

/* Begin PBXResourcesBuildPhase section */
		C0A0F77C234FB548002FDB45 /* Resources */ = {
			isa = PBXResourcesBuildPhase;
			buildActionMask = 2147483647;
			files = (
				C0A0F78C234FB54A002FDB45 /* LaunchScreen.storyboard in Resources */,
				C0A0F789234FB54A002FDB45 /* Assets.xcassets in Resources */,
				C0A0F787234FB548002FDB45 /* Main.storyboard in Resources */,
			);
			runOnlyForDeploymentPostprocessing = 0;
		};
		C0A0F790234FB54A002FDB45 /* Resources */ = {
			isa = PBXResourcesBuildPhase;
			buildActionMask = 2147483647;
			files = (
			);
			runOnlyForDeploymentPostprocessing = 0;
		};
		C0A0F79B234FB54A002FDB45 /* Resources */ = {
			isa = PBXResourcesBuildPhase;
			buildActionMask = 2147483647;
			files = (
			);
			runOnlyForDeploymentPostprocessing = 0;
		};
/* End PBXResourcesBuildPhase section */

/* Begin PBXShellScriptBuildPhase section */
		4B5806BF27D917DD0B158E06 /* [CP] Embed Pods Frameworks */ = {
			isa = PBXShellScriptBuildPhase;
			buildActionMask = 2147483647;
			files = (
			);
			inputFileListPaths = (
				"${PODS_ROOT}/Target Support Files/Pods-Condominum-CondominumUITests/Pods-Condominum-CondominumUITests-frameworks-${CONFIGURATION}-input-files.xcfilelist",
			);
			name = "[CP] Embed Pods Frameworks";
			outputFileListPaths = (
				"${PODS_ROOT}/Target Support Files/Pods-Condominum-CondominumUITests/Pods-Condominum-CondominumUITests-frameworks-${CONFIGURATION}-output-files.xcfilelist",
			);
			runOnlyForDeploymentPostprocessing = 0;
			shellPath = /bin/sh;
			shellScript = "\"${PODS_ROOT}/Target Support Files/Pods-Condominum-CondominumUITests/Pods-Condominum-CondominumUITests-frameworks.sh\"\n";
			showEnvVarsInLog = 0;
		};
		5A7F708510C737574B719882 /* [CP] Check Pods Manifest.lock */ = {
			isa = PBXShellScriptBuildPhase;
			buildActionMask = 2147483647;
			files = (
			);
			inputFileListPaths = (
			);
			inputPaths = (
				"${PODS_PODFILE_DIR_PATH}/Podfile.lock",
				"${PODS_ROOT}/Manifest.lock",
			);
			name = "[CP] Check Pods Manifest.lock";
			outputFileListPaths = (
			);
			outputPaths = (
				"$(DERIVED_FILE_DIR)/Pods-Condominum-checkManifestLockResult.txt",
			);
			runOnlyForDeploymentPostprocessing = 0;
			shellPath = /bin/sh;
			shellScript = "diff \"${PODS_PODFILE_DIR_PATH}/Podfile.lock\" \"${PODS_ROOT}/Manifest.lock\" > /dev/null\nif [ $? != 0 ] ; then\n    # print error to STDERR\n    echo \"error: The sandbox is not in sync with the Podfile.lock. Run 'pod install' or update your CocoaPods installation.\" >&2\n    exit 1\nfi\n# This output is used by Xcode 'outputs' to avoid re-running this script phase.\necho \"SUCCESS\" > \"${SCRIPT_OUTPUT_FILE_0}\"\n";
			showEnvVarsInLog = 0;
		};
		A6A010A58D0BDDCA6F68E1E6 /* [CP] Embed Pods Frameworks */ = {
			isa = PBXShellScriptBuildPhase;
			buildActionMask = 2147483647;
			files = (
			);
			inputFileListPaths = (
				"${PODS_ROOT}/Target Support Files/Pods-Condominum/Pods-Condominum-frameworks-${CONFIGURATION}-input-files.xcfilelist",
			);
			name = "[CP] Embed Pods Frameworks";
			outputFileListPaths = (
				"${PODS_ROOT}/Target Support Files/Pods-Condominum/Pods-Condominum-frameworks-${CONFIGURATION}-output-files.xcfilelist",
			);
			runOnlyForDeploymentPostprocessing = 0;
			shellPath = /bin/sh;
			shellScript = "\"${PODS_ROOT}/Target Support Files/Pods-Condominum/Pods-Condominum-frameworks.sh\"\n";
			showEnvVarsInLog = 0;
		};
		C710AD9A733C59FEAB20BA2E /* [CP] Check Pods Manifest.lock */ = {
			isa = PBXShellScriptBuildPhase;
			buildActionMask = 2147483647;
			files = (
			);
			inputFileListPaths = (
			);
			inputPaths = (
				"${PODS_PODFILE_DIR_PATH}/Podfile.lock",
				"${PODS_ROOT}/Manifest.lock",
			);
			name = "[CP] Check Pods Manifest.lock";
			outputFileListPaths = (
			);
			outputPaths = (
				"$(DERIVED_FILE_DIR)/Pods-CondominumTests-checkManifestLockResult.txt",
			);
			runOnlyForDeploymentPostprocessing = 0;
			shellPath = /bin/sh;
			shellScript = "diff \"${PODS_PODFILE_DIR_PATH}/Podfile.lock\" \"${PODS_ROOT}/Manifest.lock\" > /dev/null\nif [ $? != 0 ] ; then\n    # print error to STDERR\n    echo \"error: The sandbox is not in sync with the Podfile.lock. Run 'pod install' or update your CocoaPods installation.\" >&2\n    exit 1\nfi\n# This output is used by Xcode 'outputs' to avoid re-running this script phase.\necho \"SUCCESS\" > \"${SCRIPT_OUTPUT_FILE_0}\"\n";
			showEnvVarsInLog = 0;
		};
		E598E8F7D36960EA73054722 /* [CP] Check Pods Manifest.lock */ = {
			isa = PBXShellScriptBuildPhase;
			buildActionMask = 2147483647;
			files = (
			);
			inputFileListPaths = (
			);
			inputPaths = (
				"${PODS_PODFILE_DIR_PATH}/Podfile.lock",
				"${PODS_ROOT}/Manifest.lock",
			);
			name = "[CP] Check Pods Manifest.lock";
			outputFileListPaths = (
			);
			outputPaths = (
				"$(DERIVED_FILE_DIR)/Pods-Condominum-CondominumUITests-checkManifestLockResult.txt",
			);
			runOnlyForDeploymentPostprocessing = 0;
			shellPath = /bin/sh;
			shellScript = "diff \"${PODS_PODFILE_DIR_PATH}/Podfile.lock\" \"${PODS_ROOT}/Manifest.lock\" > /dev/null\nif [ $? != 0 ] ; then\n    # print error to STDERR\n    echo \"error: The sandbox is not in sync with the Podfile.lock. Run 'pod install' or update your CocoaPods installation.\" >&2\n    exit 1\nfi\n# This output is used by Xcode 'outputs' to avoid re-running this script phase.\necho \"SUCCESS\" > \"${SCRIPT_OUTPUT_FILE_0}\"\n";
			showEnvVarsInLog = 0;
		};
/* End PBXShellScriptBuildPhase section */

/* Begin PBXSourcesBuildPhase section */
		C0A0F77A234FB548002FDB45 /* Sources */ = {
			isa = PBXSourcesBuildPhase;
			buildActionMask = 2147483647;
			files = (
				E62D9BE02352475000C0820D /* ApiConstant.swift in Sources */,
				C0A0F784234FB548002FDB45 /* ViewController.swift in Sources */,
				E62D9BE223524CE300C0820D /* ApiService.swift in Sources */,
				E62D9BE823524E9A00C0820D /* RequestLogin.swift in Sources */,
				C0A0F782234FB548002FDB45 /* AppDelegate.swift in Sources */,
				E62D9BE623524D3700C0820D /* ResponseLogin.swift in Sources */,
			);
			runOnlyForDeploymentPostprocessing = 0;
		};
		C0A0F78E234FB54A002FDB45 /* Sources */ = {
			isa = PBXSourcesBuildPhase;
			buildActionMask = 2147483647;
			files = (
				C0A0F797234FB54A002FDB45 /* CondominumTests.swift in Sources */,
			);
			runOnlyForDeploymentPostprocessing = 0;
		};
		C0A0F799234FB54A002FDB45 /* Sources */ = {
			isa = PBXSourcesBuildPhase;
			buildActionMask = 2147483647;
			files = (
				C0A0F7A2234FB54A002FDB45 /* CondominumUITests.swift in Sources */,
			);
			runOnlyForDeploymentPostprocessing = 0;
		};
/* End PBXSourcesBuildPhase section */

/* Begin PBXTargetDependency section */
		C0A0F794234FB54A002FDB45 /* PBXTargetDependency */ = {
			isa = PBXTargetDependency;
			target = C0A0F77D234FB548002FDB45 /* Condominum */;
			targetProxy = C0A0F793234FB54A002FDB45 /* PBXContainerItemProxy */;
		};
		C0A0F79F234FB54A002FDB45 /* PBXTargetDependency */ = {
			isa = PBXTargetDependency;
			target = C0A0F77D234FB548002FDB45 /* Condominum */;
			targetProxy = C0A0F79E234FB54A002FDB45 /* PBXContainerItemProxy */;
		};
/* End PBXTargetDependency section */

/* Begin PBXVariantGroup section */
		C0A0F785234FB548002FDB45 /* Main.storyboard */ = {
			isa = PBXVariantGroup;
			children = (
				C0A0F786234FB548002FDB45 /* Base */,
			);
			name = Main.storyboard;
			sourceTree = "<group>";
		};
		C0A0F78A234FB54A002FDB45 /* LaunchScreen.storyboard */ = {
			isa = PBXVariantGroup;
			children = (
				C0A0F78B234FB54A002FDB45 /* Base */,
			);
			name = LaunchScreen.storyboard;
			sourceTree = "<group>";
		};
/* End PBXVariantGroup section */

/* Begin XCBuildConfiguration section */
		C0A0F7A4234FB54A002FDB45 /* Debug */ = {
			isa = XCBuildConfiguration;
			buildSettings = {
				ALWAYS_SEARCH_USER_PATHS = NO;
				CLANG_ANALYZER_NONNULL = YES;
				CLANG_ANALYZER_NUMBER_OBJECT_CONVERSION = YES_AGGRESSIVE;
				CLANG_CXX_LANGUAGE_STANDARD = "gnu++14";
				CLANG_CXX_LIBRARY = "libc++";
				CLANG_ENABLE_MODULES = YES;
				CLANG_ENABLE_OBJC_ARC = YES;
				CLANG_ENABLE_OBJC_WEAK = YES;
				CLANG_WARN_BLOCK_CAPTURE_AUTORELEASING = YES;
				CLANG_WARN_BOOL_CONVERSION = YES;
				CLANG_WARN_COMMA = YES;
				CLANG_WARN_CONSTANT_CONVERSION = YES;
				CLANG_WARN_DEPRECATED_OBJC_IMPLEMENTATIONS = YES;
				CLANG_WARN_DIRECT_OBJC_ISA_USAGE = YES_ERROR;
				CLANG_WARN_DOCUMENTATION_COMMENTS = YES;
				CLANG_WARN_EMPTY_BODY = YES;
				CLANG_WARN_ENUM_CONVERSION = YES;
				CLANG_WARN_INFINITE_RECURSION = YES;
				CLANG_WARN_INT_CONVERSION = YES;
				CLANG_WARN_NON_LITERAL_NULL_CONVERSION = YES;
				CLANG_WARN_OBJC_IMPLICIT_RETAIN_SELF = YES;
				CLANG_WARN_OBJC_LITERAL_CONVERSION = YES;
				CLANG_WARN_OBJC_ROOT_CLASS = YES_ERROR;
				CLANG_WARN_RANGE_LOOP_ANALYSIS = YES;
				CLANG_WARN_STRICT_PROTOTYPES = YES;
				CLANG_WARN_SUSPICIOUS_MOVE = YES;
				CLANG_WARN_UNGUARDED_AVAILABILITY = YES_AGGRESSIVE;
				CLANG_WARN_UNREACHABLE_CODE = YES;
				CLANG_WARN__DUPLICATE_METHOD_MATCH = YES;
				CODE_SIGN_IDENTITY = "iPhone Developer";
				COPY_PHASE_STRIP = NO;
				DEBUG_INFORMATION_FORMAT = dwarf;
				ENABLE_STRICT_OBJC_MSGSEND = YES;
				ENABLE_TESTABILITY = YES;
				GCC_C_LANGUAGE_STANDARD = gnu11;
				GCC_DYNAMIC_NO_PIC = NO;
				GCC_NO_COMMON_BLOCKS = YES;
				GCC_OPTIMIZATION_LEVEL = 0;
				GCC_PREPROCESSOR_DEFINITIONS = (
					"DEBUG=1",
					"$(inherited)",
				);
				GCC_WARN_64_TO_32_BIT_CONVERSION = YES;
				GCC_WARN_ABOUT_RETURN_TYPE = YES_ERROR;
				GCC_WARN_UNDECLARED_SELECTOR = YES;
				GCC_WARN_UNINITIALIZED_AUTOS = YES_AGGRESSIVE;
				GCC_WARN_UNUSED_FUNCTION = YES;
				GCC_WARN_UNUSED_VARIABLE = YES;
				IPHONEOS_DEPLOYMENT_TARGET = 12.4;
				MTL_ENABLE_DEBUG_INFO = INCLUDE_SOURCE;
				MTL_FAST_MATH = YES;
				ONLY_ACTIVE_ARCH = YES;
				SDKROOT = iphoneos;
				SWIFT_ACTIVE_COMPILATION_CONDITIONS = DEBUG;
				SWIFT_OPTIMIZATION_LEVEL = "-Onone";
			};
			name = Debug;
		};
		C0A0F7A5234FB54A002FDB45 /* Release */ = {
			isa = XCBuildConfiguration;
			buildSettings = {
				ALWAYS_SEARCH_USER_PATHS = NO;
				CLANG_ANALYZER_NONNULL = YES;
				CLANG_ANALYZER_NUMBER_OBJECT_CONVERSION = YES_AGGRESSIVE;
				CLANG_CXX_LANGUAGE_STANDARD = "gnu++14";
				CLANG_CXX_LIBRARY = "libc++";
				CLANG_ENABLE_MODULES = YES;
				CLANG_ENABLE_OBJC_ARC = YES;
				CLANG_ENABLE_OBJC_WEAK = YES;
				CLANG_WARN_BLOCK_CAPTURE_AUTORELEASING = YES;
				CLANG_WARN_BOOL_CONVERSION = YES;
				CLANG_WARN_COMMA = YES;
				CLANG_WARN_CONSTANT_CONVERSION = YES;
				CLANG_WARN_DEPRECATED_OBJC_IMPLEMENTATIONS = YES;
				CLANG_WARN_DIRECT_OBJC_ISA_USAGE = YES_ERROR;
				CLANG_WARN_DOCUMENTATION_COMMENTS = YES;
				CLANG_WARN_EMPTY_BODY = YES;
				CLANG_WARN_ENUM_CONVERSION = YES;
				CLANG_WARN_INFINITE_RECURSION = YES;
				CLANG_WARN_INT_CONVERSION = YES;
				CLANG_WARN_NON_LITERAL_NULL_CONVERSION = YES;
				CLANG_WARN_OBJC_IMPLICIT_RETAIN_SELF = YES;
				CLANG_WARN_OBJC_LITERAL_CONVERSION = YES;
				CLANG_WARN_OBJC_ROOT_CLASS = YES_ERROR;
				CLANG_WARN_RANGE_LOOP_ANALYSIS = YES;
				CLANG_WARN_STRICT_PROTOTYPES = YES;
				CLANG_WARN_SUSPICIOUS_MOVE = YES;
				CLANG_WARN_UNGUARDED_AVAILABILITY = YES_AGGRESSIVE;
				CLANG_WARN_UNREACHABLE_CODE = YES;
				CLANG_WARN__DUPLICATE_METHOD_MATCH = YES;
				CODE_SIGN_IDENTITY = "iPhone Developer";
				COPY_PHASE_STRIP = NO;
				DEBUG_INFORMATION_FORMAT = "dwarf-with-dsym";
				ENABLE_NS_ASSERTIONS = NO;
				ENABLE_STRICT_OBJC_MSGSEND = YES;
				GCC_C_LANGUAGE_STANDARD = gnu11;
				GCC_NO_COMMON_BLOCKS = YES;
				GCC_WARN_64_TO_32_BIT_CONVERSION = YES;
				GCC_WARN_ABOUT_RETURN_TYPE = YES_ERROR;
				GCC_WARN_UNDECLARED_SELECTOR = YES;
				GCC_WARN_UNINITIALIZED_AUTOS = YES_AGGRESSIVE;
				GCC_WARN_UNUSED_FUNCTION = YES;
				GCC_WARN_UNUSED_VARIABLE = YES;
				IPHONEOS_DEPLOYMENT_TARGET = 12.4;
				MTL_ENABLE_DEBUG_INFO = NO;
				MTL_FAST_MATH = YES;
				SDKROOT = iphoneos;
				SWIFT_COMPILATION_MODE = wholemodule;
				SWIFT_OPTIMIZATION_LEVEL = "-O";
				VALIDATE_PRODUCT = YES;
			};
			name = Release;
		};
		C0A0F7A7234FB54A002FDB45 /* Debug */ = {
			isa = XCBuildConfiguration;
			baseConfigurationReference = 35820C786DC89DEB79AC45C9 /* Pods-Condominum.debug.xcconfig */;
			buildSettings = {
				ASSETCATALOG_COMPILER_APPICON_NAME = AppIcon;
				CODE_SIGN_STYLE = Automatic;
				DEVELOPMENT_TEAM = P6942PVJN2;
				INFOPLIST_FILE = Condominum/Info.plist;
				LD_RUNPATH_SEARCH_PATHS = (
					"$(inherited)",
					"@executable_path/Frameworks",
				);
				PRODUCT_BUNDLE_IDENTIFIER = "-RP.Condominum";
				PRODUCT_NAME = "$(TARGET_NAME)";
				SWIFT_VERSION = 5.0;
				TARGETED_DEVICE_FAMILY = "1,2";
			};
			name = Debug;
		};
		C0A0F7A8234FB54A002FDB45 /* Release */ = {
			isa = XCBuildConfiguration;
			baseConfigurationReference = 6FDCD6CECE9E23C17220735C /* Pods-Condominum.release.xcconfig */;
			buildSettings = {
				ASSETCATALOG_COMPILER_APPICON_NAME = AppIcon;
				CODE_SIGN_STYLE = Automatic;
				DEVELOPMENT_TEAM = P6942PVJN2;
				INFOPLIST_FILE = Condominum/Info.plist;
				LD_RUNPATH_SEARCH_PATHS = (
					"$(inherited)",
					"@executable_path/Frameworks",
				);
				PRODUCT_BUNDLE_IDENTIFIER = "-RP.Condominum";
				PRODUCT_NAME = "$(TARGET_NAME)";
				SWIFT_VERSION = 5.0;
				TARGETED_DEVICE_FAMILY = "1,2";
			};
			name = Release;
		};
		C0A0F7AA234FB54A002FDB45 /* Debug */ = {
			isa = XCBuildConfiguration;
			baseConfigurationReference = C008FBD8DD82B6F112112030 /* Pods-CondominumTests.debug.xcconfig */;
			buildSettings = {
				ALWAYS_EMBED_SWIFT_STANDARD_LIBRARIES = YES;
				BUNDLE_LOADER = "$(TEST_HOST)";
				CODE_SIGN_STYLE = Automatic;
				DEVELOPMENT_TEAM = P6942PVJN2;
				INFOPLIST_FILE = CondominumTests/Info.plist;
				LD_RUNPATH_SEARCH_PATHS = (
					"$(inherited)",
					"@executable_path/Frameworks",
					"@loader_path/Frameworks",
				);
				PRODUCT_BUNDLE_IDENTIFIER = "-RP.CondominumTests";
				PRODUCT_NAME = "$(TARGET_NAME)";
				SWIFT_VERSION = 5.0;
				TARGETED_DEVICE_FAMILY = "1,2";
				TEST_HOST = "$(BUILT_PRODUCTS_DIR)/Condominum.app/Condominum";
			};
			name = Debug;
		};
		C0A0F7AB234FB54A002FDB45 /* Release */ = {
			isa = XCBuildConfiguration;
			baseConfigurationReference = B6AABB04C24B26ACAFE3410E /* Pods-CondominumTests.release.xcconfig */;
			buildSettings = {
				ALWAYS_EMBED_SWIFT_STANDARD_LIBRARIES = YES;
				BUNDLE_LOADER = "$(TEST_HOST)";
				CODE_SIGN_STYLE = Automatic;
				DEVELOPMENT_TEAM = P6942PVJN2;
				INFOPLIST_FILE = CondominumTests/Info.plist;
				LD_RUNPATH_SEARCH_PATHS = (
					"$(inherited)",
					"@executable_path/Frameworks",
					"@loader_path/Frameworks",
				);
				PRODUCT_BUNDLE_IDENTIFIER = "-RP.CondominumTests";
				PRODUCT_NAME = "$(TARGET_NAME)";
				SWIFT_VERSION = 5.0;
				TARGETED_DEVICE_FAMILY = "1,2";
				TEST_HOST = "$(BUILT_PRODUCTS_DIR)/Condominum.app/Condominum";
			};
			name = Release;
		};
		C0A0F7AD234FB54A002FDB45 /* Debug */ = {
			isa = XCBuildConfiguration;
			baseConfigurationReference = 5E0622769EAD9219FF8E2829 /* Pods-Condominum-CondominumUITests.debug.xcconfig */;
			buildSettings = {
				ALWAYS_EMBED_SWIFT_STANDARD_LIBRARIES = YES;
				CODE_SIGN_STYLE = Automatic;
				DEVELOPMENT_TEAM = P6942PVJN2;
				INFOPLIST_FILE = CondominumUITests/Info.plist;
				LD_RUNPATH_SEARCH_PATHS = (
					"$(inherited)",
					"@executable_path/Frameworks",
					"@loader_path/Frameworks",
				);
				PRODUCT_BUNDLE_IDENTIFIER = "-RP.CondominumUITests";
				PRODUCT_NAME = "$(TARGET_NAME)";
				SWIFT_VERSION = 5.0;
				TARGETED_DEVICE_FAMILY = "1,2";
				TEST_TARGET_NAME = Condominum;
			};
			name = Debug;
		};
		C0A0F7AE234FB54A002FDB45 /* Release */ = {
			isa = XCBuildConfiguration;
			baseConfigurationReference = 26BCB18A0185A16FAAC5C7E3 /* Pods-Condominum-CondominumUITests.release.xcconfig */;
			buildSettings = {
				ALWAYS_EMBED_SWIFT_STANDARD_LIBRARIES = YES;
				CODE_SIGN_STYLE = Automatic;
				DEVELOPMENT_TEAM = P6942PVJN2;
				INFOPLIST_FILE = CondominumUITests/Info.plist;
				LD_RUNPATH_SEARCH_PATHS = (
					"$(inherited)",
					"@executable_path/Frameworks",
					"@loader_path/Frameworks",
				);
				PRODUCT_BUNDLE_IDENTIFIER = "-RP.CondominumUITests";
				PRODUCT_NAME = "$(TARGET_NAME)";
				SWIFT_VERSION = 5.0;
				TARGETED_DEVICE_FAMILY = "1,2";
				TEST_TARGET_NAME = Condominum;
			};
			name = Release;
		};
/* End XCBuildConfiguration section */

/* Begin XCConfigurationList section */
		C0A0F779234FB548002FDB45 /* Build configuration list for PBXProject "Condominum" */ = {
			isa = XCConfigurationList;
			buildConfigurations = (
				C0A0F7A4234FB54A002FDB45 /* Debug */,
				C0A0F7A5234FB54A002FDB45 /* Release */,
			);
			defaultConfigurationIsVisible = 0;
			defaultConfigurationName = Release;
		};
		C0A0F7A6234FB54A002FDB45 /* Build configuration list for PBXNativeTarget "Condominum" */ = {
			isa = XCConfigurationList;
			buildConfigurations = (
				C0A0F7A7234FB54A002FDB45 /* Debug */,
				C0A0F7A8234FB54A002FDB45 /* Release */,
			);
			defaultConfigurationIsVisible = 0;
			defaultConfigurationName = Release;
		};
		C0A0F7A9234FB54A002FDB45 /* Build configuration list for PBXNativeTarget "CondominumTests" */ = {
			isa = XCConfigurationList;
			buildConfigurations = (
				C0A0F7AA234FB54A002FDB45 /* Debug */,
				C0A0F7AB234FB54A002FDB45 /* Release */,
			);
			defaultConfigurationIsVisible = 0;
			defaultConfigurationName = Release;
		};
		C0A0F7AC234FB54A002FDB45 /* Build configuration list for PBXNativeTarget "CondominumUITests" */ = {
			isa = XCConfigurationList;
			buildConfigurations = (
				C0A0F7AD234FB54A002FDB45 /* Debug */,
				C0A0F7AE234FB54A002FDB45 /* Release */,
			);
			defaultConfigurationIsVisible = 0;
			defaultConfigurationName = Release;
		};
/* End XCConfigurationList section */
	};
	rootObject = C0A0F776234FB548002FDB45 /* Project object */;
}
